<Solution>
  <Folder Name="/src/">
    <Project Path="src/TelegramBot.Application/TelegramBot.Application.csproj" />
    <Project Path="src/TelegramBot.Domain/TelegramBot.Domain.csproj" />
    <Project Path="src/TelegramBot.Infrastructure/TelegramBot.Infrastructure.csproj" />
    <Project Path="src/TelegramBot.UI/TelegramBot.UI.csproj" />
  </Folder>
  <Folder Name="/tests/">
    <Project Path="tests/TelegramBot.Domain.Tests/TelegramBot.Domain.Tests.csproj" />
  </Folder>
</Solution>
